github.com/Bowery/prompt v0.0.0-20190916142128-fa8279994f75 h1:xGHheKK44eC6K0u5X+DZW/fRaR1LnDdqPHMZMWx5fv8=
github.com/Bowery/prompt v0.0.0-20190916142128-fa8279994f75/go.mod h1:4/6eNcqZ09BZ9wLK3tZOjBA1nDj+B0728nlX5YRlSmQ=
github.com/dchest/safefile v0.0.0-20151022103144-855e8d98f185 h1:3T8ZyTDp5QxTx3NU48JVb2u+75xc040fofcBaN+6jPA=
github.com/dchest/safefile v0.0.0-20151022103144-855e8d98f185/go.mod h1:cFRxtTwTOJkz2x3rQUNCYKWC93yP1VKjR8NUhqFxZNU=
github.com/google/shlex v0.0.0-20191202100458-e7afc7fbc510 h1:El6M4kTTCOh6aBiKaUGG7oYTSPP8MxqL4YI3kZKwcP4=
github.com/google/shlex v0.0.0-20191202100458-e7afc7fbc510/go.mod h1:pupxD2MaaD3pAXIBCelhxNneeOaAeabZDe5s4K6zSpQ=
github.com/kardianos/govendor v1.0.9 h1:WOH3FcVI9eOgnIZYg96iwUwrL4eOVx+aQ66oyX2R8Yc=
github.com/kardianos/govendor v1.0.9/go.mod h1:yvmR6q9ZZ7nSF5Wvh40v0wfP+3TwwL8zYQp+itoZSVM=
github.com/pkg/errors v0.9.1 h1:FEBLx1zS214owpjy7qsBeixbURkuhQAwrK5UwLGTwt4=
github.com/pkg/errors v0.9.1/go.mod h1:bwawxfHBFNV+L2hUp1rHADufV3IMtnDRdf1r5NINEl0=
gopkg.in/check.v1 v0.0.0-20161208181325-20d25e280405/go.mod h1:Co6ibVJAznAaIkqp8huTwlJQCZ016jof/cbN4VW5Yz0=
gopkg.in/yaml.v2 v2.2.8 h1:obN1ZagJSUGI0Ek/LBmuj4SNLPfIny3KsKFopxRdj10=
gopkg.in/yaml.v2 v2.2.8/go.mod h1:hI93XBmqTisBFMUTm0b8Fm+jr3Dg1NNxqwp+5A1VGuI=
